Microsoft Visual Studio Solution File, Format Version 12.00
# Visual Studio Version 17
VisualStudioVersion = 17.5.2.0
MinimumVisualStudioVersion = 10.0.40219.1
Project("{FAE04EC0-301F-11D3-BF4B-00C04F79EFBC}") = "SmartBinSim", "SmartBinSim.csproj", "{3EFF2846-D56B-FF6F-1DE7-18AC84777BE4}"
EndProject
Global
	GlobalSection(SolutionConfigurationPlatforms) = preSolution
		Debug|Any CPU = Debug|Any CPU
		Release|Any CPU = Release|Any CPU
	EndGlobalSection
	GlobalSection(ProjectConfigurationPlatforms) = postSolution
		{3EFF2846-D56B-FF6F-1DE7-18AC84777BE4}.Debug|Any CPU.ActiveCfg = Debug|Any CPU
		{3EFF2846-D56B-FF6F-1DE7-18AC84777BE4}.Debug|Any CPU.Build.0 = Debug|Any CPU
		{3EFF2846-D56B-FF6F-1DE7-18AC84777BE4}.Release|Any CPU.ActiveCfg = Release|Any CPU
		{3EFF2846-D56B-FF6F-1DE7-18AC84777BE4}.Release|Any CPU.Build.0 = Release|Any CPU
	EndGlobalSection
	GlobalSection(SolutionProperties) = preSolution
		HideSolutionNode = FALSE
	EndGlobalSection
	GlobalSection(ExtensibilityGlobals) = postSolution
		SolutionGuid = {975756B3-07AA-451F-BB0E-CFF2B847743E}
	EndGlobalSection
EndGlobal
